// !$*UTF8*$!
{
	archiveVersion = 1;
	classes = {
	};
	objectVersion = 56;
	objects = {

/* Begin PBXBuildFile section */
		802217332BCC4019006C1F16 /* main.cpp in Sources */ = {isa = PBXBuildFile; fileRef = 802217322BCC4019006C1F16 /* main.cpp */; };
		8022173B2BCC4064006C1F16 /* Initialization.cpp in Sources */ = {isa = PBXBuildFile; fileRef = 802217392BCC4064006C1F16 /* Initialization.cpp */; };
		8022173E2BCC4092006C1F16 /* Inheritance.cpp in Sources */ = {isa = PBXBuildFile; fileRef = 8022173C2BCC4092006C1F16 /* Inheritance.cpp */; };
		802217412BCC4117006C1F16 /* Virtual.cpp in Sources */ = {isa = PBXBuildFile; fileRef = 8022173F2BCC4117006C1F16 /* Virtual.cpp */; };
		802217442BCC41D4006C1F16 /* Overload_Resolution.cpp in Sources */ = {isa = PBXBuildFile; fileRef = 802217422BCC41D4006C1F16 /* Overload_Resolution.cpp */; };
		802217472BCD5A7E006C1F16 /* Aligment.cpp in Sources */ = {isa = PBXBuildFile; fileRef = 802217452BCD5A7E006C1F16 /* Aligment.cpp */; };
		8022175E2BD68A97006C1F16 /* Interview.cpp in Sources */ = {isa = PBXBuildFile; fileRef = 8022175C2BD68A97006C1F16 /* Interview.cpp */; };
		807AC6492C0EFC6E00EA3D0E /* POD.cpp in Sources */ = {isa = PBXBuildFile; fileRef = 807AC6472C0EFC6E00EA3D0E /* POD.cpp */; };
		807AC64C2C0EFDB600EA3D0E /* ADL.cpp in Sources */ = {isa = PBXBuildFile; fileRef = 807AC64A2C0EFDB600EA3D0E /* ADL.cpp */; };
		809A46962BE67B36006FB23C /* Declaration_Definition.cpp in Sources */ = {isa = PBXBuildFile; fileRef = 809A46952BE67B36006FB23C /* Declaration_Definition.cpp */; };
/* End PBXBuildFile section */

/* Begin PBXCopyFilesBuildPhase section */
		8022172D2BCC4019006C1F16 /* CopyFiles */ = {
			isa = PBXCopyFilesBuildPhase;
			buildActionMask = 2147483647;
			dstPath = /usr/share/man/man1/;
			dstSubfolderSpec = 0;
			files = (
			);
			runOnlyForDeploymentPostprocessing = 1;
		};
/* End PBXCopyFilesBuildPhase section */

/* Begin PBXFileReference section */
		8022172F2BCC4019006C1F16 /* OOP */ = {isa = PBXFileReference; explicitFileType = "compiled.mach-o.executable"; includeInIndex = 0; path = OOP; sourceTree = BUILT_PRODUCTS_DIR; };
		802217322BCC4019006C1F16 /* main.cpp */ = {isa = PBXFileReference; lastKnownFileType = sourcecode.cpp.cpp; path = main.cpp; sourceTree = "<group>"; };
		802217392BCC4064006C1F16 /* Initialization.cpp */ = {isa = PBXFileReference; lastKnownFileType = sourcecode.cpp.cpp; path = Initialization.cpp; sourceTree = "<group>"; };
		8022173A2BCC4064006C1F16 /* Initialization.hpp */ = {isa = PBXFileReference; lastKnownFileType = sourcecode.cpp.h; path = Initialization.hpp; sourceTree = "<group>"; };
		8022173C2BCC4092006C1F16 /* Inheritance.cpp */ = {isa = PBXFileReference; lastKnownFileType = sourcecode.cpp.cpp; path = Inheritance.cpp; sourceTree = "<group>"; };
		8022173D2BCC4092006C1F16 /* Inheritance.hpp */ = {isa = PBXFileReference; lastKnownFileType = sourcecode.cpp.h; path = Inheritance.hpp; sourceTree = "<group>"; };
		8022173F2BCC4117006C1F16 /* Virtual.cpp */ = {isa = PBXFileReference; lastKnownFileType = sourcecode.cpp.cpp; path = Virtual.cpp; sourceTree = "<group>"; };
		802217402BCC4117006C1F16 /* Virtual.hpp */ = {isa = PBXFileReference; lastKnownFileType = sourcecode.cpp.h; path = Virtual.hpp; sourceTree = "<group>"; };
		802217422BCC41D4006C1F16 /* Overload_Resolution.cpp */ = {isa = PBXFileReference; lastKnownFileType = sourcecode.cpp.cpp; path = Overload_Resolution.cpp; sourceTree = "<group>"; };
		802217432BCC41D4006C1F16 /* Overload_Resolution.hpp */ = {isa = PBXFileReference; lastKnownFileType = sourcecode.cpp.h; path = Overload_Resolution.hpp; sourceTree = "<group>"; };
		802217452BCD5A7E006C1F16 /* Aligment.cpp */ = {isa = PBXFileReference; lastKnownFileType = sourcecode.cpp.cpp; path = Aligment.cpp; sourceTree = "<group>"; };
		802217462BCD5A7E006C1F16 /* Aligment.hpp */ = {isa = PBXFileReference; lastKnownFileType = sourcecode.cpp.h; path = Aligment.hpp; sourceTree = "<group>"; };
		8022175C2BD68A97006C1F16 /* Interview.cpp */ = {isa = PBXFileReference; lastKnownFileType = sourcecode.cpp.cpp; path = Interview.cpp; sourceTree = "<group>"; };
		8022175D2BD68A97006C1F16 /* Interview.hpp */ = {isa = PBXFileReference; lastKnownFileType = sourcecode.cpp.h; path = Interview.hpp; sourceTree = "<group>"; };
		807AC6472C0EFC6E00EA3D0E /* POD.cpp */ = {isa = PBXFileReference; lastKnownFileType = sourcecode.cpp.cpp; path = POD.cpp; sourceTree = "<group>"; };
		807AC6482C0EFC6E00EA3D0E /* POD.hpp */ = {isa = PBXFileReference; lastKnownFileType = sourcecode.cpp.h; path = POD.hpp; sourceTree = "<group>"; };
		807AC64A2C0EFDB600EA3D0E /* ADL.cpp */ = {isa = PBXFileReference; lastKnownFileType = sourcecode.cpp.cpp; path = ADL.cpp; sourceTree = "<group>"; };
		807AC64B2C0EFDB600EA3D0E /* ADL.hpp */ = {isa = PBXFileReference; lastKnownFileType = sourcecode.cpp.h; path = ADL.hpp; sourceTree = "<group>"; };
		809A46952BE67B36006FB23C /* Declaration_Definition.cpp */ = {isa = PBXFileReference; lastKnownFileType = sourcecode.cpp.cpp; path = Declaration_Definition.cpp; sourceTree = "<group>"; };
		809A46972BE7DDDE006FB23C /* Declaration_Definition.hpp */ = {isa = PBXFileReference; lastKnownFileType = sourcecode.cpp.h; path = Declaration_Definition.hpp; sourceTree = "<group>"; };
/* End PBXFileReference section */

/* Begin PBXFrameworksBuildPhase section */
		8022172C2BCC4019006C1F16 /* Frameworks */ = {
			isa = PBXFrameworksBuildPhase;
			buildActionMask = 2147483647;
			files = (
			);
			runOnlyForDeploymentPostprocessing = 0;
		};
/* End PBXFrameworksBuildPhase section */

/* Begin PBXGroup section */
		802217262BCC4019006C1F16 = {
			isa = PBXGroup;
			children = (
				802217312BCC4019006C1F16 /* OOP */,
				802217302BCC4019006C1F16 /* Products */,
			);
			sourceTree = "<group>";
		};
		802217302BCC4019006C1F16 /* Products */ = {
			isa = PBXGroup;
			children = (
				8022172F2BCC4019006C1F16 /* OOP */,
			);
			name = Products;
			sourceTree = "<group>";
		};
		802217312BCC4019006C1F16 /* OOP */ = {
			isa = PBXGroup;
			children = (
				807AC64B2C0EFDB600EA3D0E /* ADL.hpp */,
				807AC64A2C0EFDB600EA3D0E /* ADL.cpp */,
				809A46972BE7DDDE006FB23C /* Declaration_Definition.hpp */,
				809A46952BE67B36006FB23C /* Declaration_Definition.cpp */,
				8022173A2BCC4064006C1F16 /* Initialization.hpp */,
				802217392BCC4064006C1F16 /* Initialization.cpp */,
				8022173D2BCC4092006C1F16 /* Inheritance.hpp */,
				8022173C2BCC4092006C1F16 /* Inheritance.cpp */,
				802217402BCC4117006C1F16 /* Virtual.hpp */,
				8022173F2BCC4117006C1F16 /* Virtual.cpp */,
				802217432BCC41D4006C1F16 /* Overload_Resolution.hpp */,
				802217422BCC41D4006C1F16 /* Overload_Resolution.cpp */,
				802217462BCD5A7E006C1F16 /* Aligment.hpp */,
				802217452BCD5A7E006C1F16 /* Aligment.cpp */,
				807AC6482C0EFC6E00EA3D0E /* POD.hpp */,
				807AC6472C0EFC6E00EA3D0E /* POD.cpp */,
				8022175D2BD68A97006C1F16 /* Interview.hpp */,
				8022175C2BD68A97006C1F16 /* Interview.cpp */,
				802217322BCC4019006C1F16 /* main.cpp */,
			);
			path = OOP;
			sourceTree = "<group>";
		};
/* End PBXGroup section */

/* Begin PBXNativeTarget section */
		8022172E2BCC4019006C1F16 /* OOP */ = {
			isa = PBXNativeTarget;
			buildConfigurationList = 802217362BCC4019006C1F16 /* Build configuration list for PBXNativeTarget "OOP" */;
			buildPhases = (
				8022172B2BCC4019006C1F16 /* Sources */,
				8022172C2BCC4019006C1F16 /* Frameworks */,
				8022172D2BCC4019006C1F16 /* CopyFiles */,
			);
			buildRules = (
			);
			dependencies = (
			);
			name = OOP;
			productName = OOP;
			productReference = 8022172F2BCC4019006C1F16 /* OOP */;
			productType = "com.apple.product-type.tool";
		};
/* End PBXNativeTarget section */

/* Begin PBXProject section */
		802217272BCC4019006C1F16 /* Project object */ = {
			isa = PBXProject;
			attributes = {
				BuildIndependentTargetsInParallel = 1;
				LastUpgradeCheck = 1540;
				TargetAttributes = {
					8022172E2BCC4019006C1F16 = {
						CreatedOnToolsVersion = 15.3;
					};
				};
			};
			buildConfigurationList = 8022172A2BCC4019006C1F16 /* Build configuration list for PBXProject "OOP" */;
			compatibilityVersion = "Xcode 14.0";
			developmentRegion = en;
			hasScannedForEncodings = 0;
			knownRegions = (
				en,
				Base,
			);
			mainGroup = 802217262BCC4019006C1F16;
			productRefGroup = 802217302BCC4019006C1F16 /* Products */;
			projectDirPath = "";
			projectRoot = "";
			targets = (
				8022172E2BCC4019006C1F16 /* OOP */,
			);
		};
/* End PBXProject section */

/* Begin PBXSourcesBuildPhase section */
		8022172B2BCC4019006C1F16 /* Sources */ = {
			isa = PBXSourcesBuildPhase;
			buildActionMask = 2147483647;
			files = (
				802217332BCC4019006C1F16 /* main.cpp in Sources */,
				809A46962BE67B36006FB23C /* Declaration_Definition.cpp in Sources */,
				8022173B2BCC4064006C1F16 /* Initialization.cpp in Sources */,
				807AC64C2C0EFDB600EA3D0E /* ADL.cpp in Sources */,
				8022173E2BCC4092006C1F16 /* Inheritance.cpp in Sources */,
				802217442BCC41D4006C1F16 /* Overload_Resolution.cpp in Sources */,
				802217472BCD5A7E006C1F16 /* Aligment.cpp in Sources */,
				807AC6492C0EFC6E00EA3D0E /* POD.cpp in Sources */,
				802217412BCC4117006C1F16 /* Virtual.cpp in Sources */,
				8022175E2BD68A97006C1F16 /* Interview.cpp in Sources */,
			);
			runOnlyForDeploymentPostprocessing = 0;
		};
/* End PBXSourcesBuildPhase section */

/* Begin XCBuildConfiguration section */
		802217342BCC4019006C1F16 /* Debug */ = {
			isa = XCBuildConfiguration;
			buildSettings = {
				ALWAYS_SEARCH_USER_PATHS = NO;
				ASSETCATALOG_COMPILER_GENERATE_SWIFT_ASSET_SYMBOL_EXTENSIONS = YES;
				CLANG_ANALYZER_NONNULL = YES;
				CLANG_ANALYZER_NUMBER_OBJECT_CONVERSION = YES_AGGRESSIVE;
				CLANG_CXX_LANGUAGE_STANDARD = "gnu++20";
				CLANG_ENABLE_MODULES = YES;
				CLANG_ENABLE_OBJC_ARC = YES;
				CLANG_ENABLE_OBJC_WEAK = YES;
				CLANG_WARN_BLOCK_CAPTURE_AUTORELEASING = YES;
				CLANG_WARN_BOOL_CONVERSION = YES;
				CLANG_WARN_COMMA = YES;
				CLANG_WARN_CONSTANT_CONVERSION = YES;
				CLANG_WARN_DEPRECATED_OBJC_IMPLEMENTATIONS = YES;
				CLANG_WARN_DIRECT_OBJC_ISA_USAGE = YES_ERROR;
				CLANG_WARN_DOCUMENTATION_COMMENTS = YES;
				CLANG_WARN_EMPTY_BODY = YES;
				CLANG_WARN_ENUM_CONVERSION = YES;
				CLANG_WARN_INFINITE_RECURSION = YES;
				CLANG_WARN_INT_CONVERSION = YES;
				CLANG_WARN_NON_LITERAL_NULL_CONVERSION = YES;
				CLANG_WARN_OBJC_IMPLICIT_RETAIN_SELF = YES;
				CLANG_WARN_OBJC_LITERAL_CONVERSION = YES;
				CLANG_WARN_OBJC_ROOT_CLASS = YES_ERROR;
				CLANG_WARN_QUOTED_INCLUDE_IN_FRAMEWORK_HEADER = YES;
				CLANG_WARN_RANGE_LOOP_ANALYSIS = YES;
				CLANG_WARN_STRICT_PROTOTYPES = YES;
				CLANG_WARN_SUSPICIOUS_MOVE = YES;
				CLANG_WARN_UNGUARDED_AVAILABILITY = YES_AGGRESSIVE;
				CLANG_WARN_UNREACHABLE_CODE = YES;
				CLANG_WARN__DUPLICATE_METHOD_MATCH = YES;
				COPY_PHASE_STRIP = NO;
				DEAD_CODE_STRIPPING = YES;
				DEBUG_INFORMATION_FORMAT = dwarf;
				ENABLE_STRICT_OBJC_MSGSEND = YES;
				ENABLE_TESTABILITY = YES;
				ENABLE_USER_SCRIPT_SANDBOXING = YES;
				GCC_C_LANGUAGE_STANDARD = gnu17;
				GCC_DYNAMIC_NO_PIC = NO;
				GCC_NO_COMMON_BLOCKS = YES;
				GCC_OPTIMIZATION_LEVEL = 0;
				GCC_PREPROCESSOR_DEFINITIONS = (
					"DEBUG=1",
					"$(inherited)",
				);
				GCC_WARN_64_TO_32_BIT_CONVERSION = YES;
				GCC_WARN_ABOUT_RETURN_TYPE = YES_ERROR;
				GCC_WARN_UNDECLARED_SELECTOR = YES;
				GCC_WARN_UNINITIALIZED_AUTOS = YES_AGGRESSIVE;
				GCC_WARN_UNUSED_FUNCTION = YES;
				GCC_WARN_UNUSED_VARIABLE = YES;
				LOCALIZATION_PREFERS_STRING_CATALOGS = YES;
				MACOSX_DEPLOYMENT_TARGET = 14.3;
				MTL_ENABLE_DEBUG_INFO = INCLUDE_SOURCE;
				MTL_FAST_MATH = YES;
				ONLY_ACTIVE_ARCH = YES;
				SDKROOT = macosx;
			};
			name = Debug;
		};
		802217352BCC4019006C1F16 /* Release */ = {
			isa = XCBuildConfiguration;
			buildSettings = {
				ALWAYS_SEARCH_USER_PATHS = NO;
				ASSETCATALOG_COMPILER_GENERATE_SWIFT_ASSET_SYMBOL_EXTENSIONS = YES;
				CLANG_ANALYZER_NONNULL = YES;
				CLANG_ANALYZER_NUMBER_OBJECT_CONVERSION = YES_AGGRESSIVE;
				CLANG_CXX_LANGUAGE_STANDARD = "gnu++20";
				CLANG_ENABLE_MODULES = YES;
				CLANG_ENABLE_OBJC_ARC = YES;
				CLANG_ENABLE_OBJC_WEAK = YES;
				CLANG_WARN_BLOCK_CAPTURE_AUTORELEASING = YES;
				CLANG_WARN_BOOL_CONVERSION = YES;
				CLANG_WARN_COMMA = YES;
				CLANG_WARN_CONSTANT_CONVERSION = YES;
				CLANG_WARN_DEPRECATED_OBJC_IMPLEMENTATIONS = YES;
				CLANG_WARN_DIRECT_OBJC_ISA_USAGE = YES_ERROR;
				CLANG_WARN_DOCUMENTATION_COMMENTS = YES;
				CLANG_WARN_EMPTY_BODY = YES;
				CLANG_WARN_ENUM_CONVERSION = YES;
				CLANG_WARN_INFINITE_RECURSION = YES;
				CLANG_WARN_INT_CONVERSION = YES;
				CLANG_WARN_NON_LITERAL_NULL_CONVERSION = YES;
				CLANG_WARN_OBJC_IMPLICIT_RETAIN_SELF = YES;
				CLANG_WARN_OBJC_LITERAL_CONVERSION = YES;
				CLANG_WARN_OBJC_ROOT_CLASS = YES_ERROR;
				CLANG_WARN_QUOTED_INCLUDE_IN_FRAMEWORK_HEADER = YES;
				CLANG_WARN_RANGE_LOOP_ANALYSIS = YES;
				CLANG_WARN_STRICT_PROTOTYPES = YES;
				CLANG_WARN_SUSPICIOUS_MOVE = YES;
				CLANG_WARN_UNGUARDED_AVAILABILITY = YES_AGGRESSIVE;
				CLANG_WARN_UNREACHABLE_CODE = YES;
				CLANG_WARN__DUPLICATE_METHOD_MATCH = YES;
				COPY_PHASE_STRIP = NO;
				DEAD_CODE_STRIPPING = YES;
				DEBUG_INFORMATION_FORMAT = "dwarf-with-dsym";
				ENABLE_NS_ASSERTIONS = NO;
				ENABLE_STRICT_OBJC_MSGSEND = YES;
				ENABLE_USER_SCRIPT_SANDBOXING = YES;
				GCC_C_LANGUAGE_STANDARD = gnu17;
				GCC_NO_COMMON_BLOCKS = YES;
				GCC_WARN_64_TO_32_BIT_CONVERSION = YES;
				GCC_WARN_ABOUT_RETURN_TYPE = YES_ERROR;
				GCC_WARN_UNDECLARED_SELECTOR = YES;
				GCC_WARN_UNINITIALIZED_AUTOS = YES_AGGRESSIVE;
				GCC_WARN_UNUSED_FUNCTION = YES;
				GCC_WARN_UNUSED_VARIABLE = YES;
				LOCALIZATION_PREFERS_STRING_CATALOGS = YES;
				MACOSX_DEPLOYMENT_TARGET = 14.3;
				MTL_ENABLE_DEBUG_INFO = NO;
				MTL_FAST_MATH = YES;
				SDKROOT = macosx;
			};
			name = Release;
		};
		802217372BCC4019006C1F16 /* Debug */ = {
			isa = XCBuildConfiguration;
			buildSettings = {
				CODE_SIGN_STYLE = Automatic;
				DEAD_CODE_STRIPPING = YES;
				PRODUCT_NAME = "$(TARGET_NAME)";
			};
			name = Debug;
		};
		802217382BCC4019006C1F16 /* Release */ = {
			isa = XCBuildConfiguration;
			buildSettings = {
				CODE_SIGN_STYLE = Automatic;
				DEAD_CODE_STRIPPING = YES;
				PRODUCT_NAME = "$(TARGET_NAME)";
			};
			name = Release;
		};
/* End XCBuildConfiguration section */

/* Begin XCConfigurationList section */
		8022172A2BCC4019006C1F16 /* Build configuration list for PBXProject "OOP" */ = {
			isa = XCConfigurationList;
			buildConfigurations = (
				802217342BCC4019006C1F16 /* Debug */,
				802217352BCC4019006C1F16 /* Release */,
			);
			defaultConfigurationIsVisible = 0;
			defaultConfigurationName = Release;
		};
		802217362BCC4019006C1F16 /* Build configuration list for PBXNativeTarget "OOP" */ = {
			isa = XCConfigurationList;
			buildConfigurations = (
				802217372BCC4019006C1F16 /* Debug */,
				802217382BCC4019006C1F16 /* Release */,
			);
			defaultConfigurationIsVisible = 0;
			defaultConfigurationName = Release;
		};
/* End XCConfigurationList section */
	};
	rootObject = 802217272BCC4019006C1F16 /* Project object */;
}
